
Microsoft Visual Studio Solution File, Format Version 12.00
# Visual Studio Version 16
VisualStudioVersion = 16.0.30711.63
MinimumVisualStudioVersion = 10.0.40219.1
Project("{9A19103F-16F7-4668-BE54-9A1E7A4F7556}") = "BookListRazer", "BookListRazer\BookListRazer.csproj", "{22E4786C-EDB5-4237-A86B-5AC773017464}"
EndProject
Global
	GlobalSection(SolutionConfigurationPlatforms) = preSolution
		Debug|Any CPU = Debug|Any CPU
		Release|Any CPU = Release|Any CPU
	EndGlobalSection
	GlobalSection(ProjectConfigurationPlatforms) = postSolution
		{22E4786C-EDB5-4237-A86B-5AC773017464}.Debug|Any CPU.ActiveCfg = Debug|Any CPU
		{22E4786C-EDB5-4237-A86B-5AC773017464}.Debug|Any CPU.Build.0 = Debug|Any CPU
		{22E4786C-EDB5-4237-A86B-5AC773017464}.Release|Any CPU.ActiveCfg = Release|Any CPU
		{22E4786C-EDB5-4237-A86B-5AC773017464}.Release|Any CPU.Build.0 = Release|Any CPU
	EndGlobalSection
	GlobalSection(SolutionProperties) = preSolution
		HideSolutionNode = FALSE
	EndGlobalSection
	GlobalSection(ExtensibilityGlobals) = postSolution
		SolutionGuid = {B031F741-3C44-482D-9DF1-C0A2A690343E}
	EndGlobalSection
EndGlobal
